
Microsoft Visual Studio Solution File, Format Version 12.00
# Visual Studio Version 16
VisualStudioVersion = 16.0.29926.136
MinimumVisualStudioVersion = 10.0.40219.1
Project("{FAE04EC0-301F-11D3-BF4B-00C04F79EFBC}") = "SavePeopleGame", "SavePeopleGame\SavePeopleGame.csproj", "{6EF5357D-3B7F-48D7-B2FD-041F9574E6EF}"
EndProject
Global
	GlobalSection(SolutionConfigurationPlatforms) = preSolution
		Debug|Any CPU = Debug|Any CPU
		Release|Any CPU = Release|Any CPU
	EndGlobalSection
	GlobalSection(ProjectConfigurationPlatforms) = postSolution
		{6EF5357D-3B7F-48D7-B2FD-041F9574E6EF}.Debug|Any CPU.ActiveCfg = Debug|Any CPU
		{6EF5357D-3B7F-48D7-B2FD-041F9574E6EF}.Debug|Any CPU.Build.0 = Debug|Any CPU
		{6EF5357D-3B7F-48D7-B2FD-041F9574E6EF}.Release|Any CPU.ActiveCfg = Release|Any CPU
		{6EF5357D-3B7F-48D7-B2FD-041F9574E6EF}.Release|Any CPU.Build.0 = Release|Any CPU
	EndGlobalSection
	GlobalSection(SolutionProperties) = preSolution
		HideSolutionNode = FALSE
	EndGlobalSection
	GlobalSection(ExtensibilityGlobals) = postSolution
		SolutionGuid = {48335CAC-8800-406E-84D7-E0C58D714E95}
	EndGlobalSection
EndGlobal
